
Microsoft Visual Studio Solution File, Format Version 12.00
# Visual Studio Version 17
VisualStudioVersion = 17.13.35931.197
MinimumVisualStudioVersion = 10.0.40219.1
Project("{2150E333-8FDC-42A3-9474-1A3956D46DE8}") = "1 - Api", "1 - Api", "{02EA681E-C7D8-13C7-8484-4AC65E1B71E8}"
EndProject
Project("{2150E333-8FDC-42A3-9474-1A3956D46DE8}") = "2 - Application", "2 - Application", "{E7767B9E-FBEE-4EBA-8E7A-F1A4FBF1F012}"
EndProject
Project("{2150E333-8FDC-42A3-9474-1A3956D46DE8}") = "3 - Domain", "3 - Domain", "{C4FEAF57-884E-4981-A85C-DD58394405B1}"
EndProject
Project("{2150E333-8FDC-42A3-9474-1A3956D46DE8}") = "4 - Infrastructure", "4 - Infrastructure", "{D3DA2FF9-1C79-4B3D-A644-07C1763AB70B}"
EndProject
Project("{2150E333-8FDC-42A3-9474-1A3956D46DE8}") = "4.1 - Data", "4.1 - Data", "{4C61ED50-7509-4478-8D85-2C8DD85CC7EA}"
EndProject
Project("{2150E333-8FDC-42A3-9474-1A3956D46DE8}") = "4.2 - Crosscutting", "4.2 - Crosscutting", "{065FB95B-32B4-4FEE-8A67-84F09A8756DF}"
EndProject
Project("{FAE04EC0-301F-11D3-BF4B-00C04F79EFBC}") = "Api", "Api\Api.csproj", "{CBFA08EA-AECE-205F-7B85-326FD0B81BAD}"
EndProject
Project("{FAE04EC0-301F-11D3-BF4B-00C04F79EFBC}") = "Application", "Application\Application.csproj", "{F80C4E72-27A0-12B5-0634-DD5C11CFB0C1}"
EndProject
Project("{FAE04EC0-301F-11D3-BF4B-00C04F79EFBC}") = "Application.Dto", "Application.Dto\Application.Dto.csproj", "{B6A74149-AD0D-9740-6468-6F7C84115249}"
EndProject
Project("{FAE04EC0-301F-11D3-BF4B-00C04F79EFBC}") = "Domain", "Domain\Domain.csproj", "{E528BBC3-1C26-8C35-F682-23718816ADCD}"
EndProject
Project("{FAE04EC0-301F-11D3-BF4B-00C04F79EFBC}") = "Domain.Common", "Domain.Common\Domain.Common.csproj", "{4B92F048-72EB-C07F-517C-4616C9E81B0E}"
EndProject
Project("{FAE04EC0-301F-11D3-BF4B-00C04F79EFBC}") = "Domain.Enums", "Domain.Enums\Domain.Enums.csproj", "{043F4D61-73E7-BEFD-3925-4CADB983E401}"
EndProject
Project("{FAE04EC0-301F-11D3-BF4B-00C04F79EFBC}") = "Domain.Filter", "Domain.Filter\Domain.Filter.csproj", "{6ECE8D9A-A576-502F-1D62-F2B0FB352B6E}"
EndProject
Project("{FAE04EC0-301F-11D3-BF4B-00C04F79EFBC}") = "Infrastructure.Data", "Infrastructure.Data\Infrastructure.Data.csproj", "{D8770F59-393E-1978-602C-20A0A3AED59C}"
EndProject
Project("{2150E333-8FDC-42A3-9474-1A3956D46DE8}") = "5 - Test", "5 - Test", "{4039BFA7-0182-4624-A436-1224DBF16FA9}"
EndProject
Project("{FAE04EC0-301F-11D3-BF4B-00C04F79EFBC}") = "TestGestaoTarefas", "TestGestaoTarefas\TestGestaoTarefas.csproj", "{80C80914-4956-4086-AACC-37DA693B08E6}"
EndProject
Global
	GlobalSection(SolutionConfigurationPlatforms) = preSolution
		Debug|Any CPU = Debug|Any CPU
		Release|Any CPU = Release|Any CPU
	EndGlobalSection
	GlobalSection(ProjectConfigurationPlatforms) = postSolution
		{CBFA08EA-AECE-205F-7B85-326FD0B81BAD}.Debug|Any CPU.ActiveCfg = Debug|Any CPU
		{CBFA08EA-AECE-205F-7B85-326FD0B81BAD}.Debug|Any CPU.Build.0 = Debug|Any CPU
		{CBFA08EA-AECE-205F-7B85-326FD0B81BAD}.Release|Any CPU.ActiveCfg = Release|Any CPU
		{CBFA08EA-AECE-205F-7B85-326FD0B81BAD}.Release|Any CPU.Build.0 = Release|Any CPU
		{F80C4E72-27A0-12B5-0634-DD5C11CFB0C1}.Debug|Any CPU.ActiveCfg = Debug|Any CPU
		{F80C4E72-27A0-12B5-0634-DD5C11CFB0C1}.Debug|Any CPU.Build.0 = Debug|Any CPU
		{F80C4E72-27A0-12B5-0634-DD5C11CFB0C1}.Release|Any CPU.ActiveCfg = Release|Any CPU
		{F80C4E72-27A0-12B5-0634-DD5C11CFB0C1}.Release|Any CPU.Build.0 = Release|Any CPU
		{B6A74149-AD0D-9740-6468-6F7C84115249}.Debug|Any CPU.ActiveCfg = Debug|Any CPU
		{B6A74149-AD0D-9740-6468-6F7C84115249}.Debug|Any CPU.Build.0 = Debug|Any CPU
		{B6A74149-AD0D-9740-6468-6F7C84115249}.Release|Any CPU.ActiveCfg = Release|Any CPU
		{B6A74149-AD0D-9740-6468-6F7C84115249}.Release|Any CPU.Build.0 = Release|Any CPU
		{E528BBC3-1C26-8C35-F682-23718816ADCD}.Debug|Any CPU.ActiveCfg = Debug|Any CPU
		{E528BBC3-1C26-8C35-F682-23718816ADCD}.Debug|Any CPU.Build.0 = Debug|Any CPU
		{E528BBC3-1C26-8C35-F682-23718816ADCD}.Release|Any CPU.ActiveCfg = Release|Any CPU
		{E528BBC3-1C26-8C35-F682-23718816ADCD}.Release|Any CPU.Build.0 = Release|Any CPU
		{4B92F048-72EB-C07F-517C-4616C9E81B0E}.Debug|Any CPU.ActiveCfg = Debug|Any CPU
		{4B92F048-72EB-C07F-517C-4616C9E81B0E}.Debug|Any CPU.Build.0 = Debug|Any CPU
		{4B92F048-72EB-C07F-517C-4616C9E81B0E}.Release|Any CPU.ActiveCfg = Release|Any CPU
		{4B92F048-72EB-C07F-517C-4616C9E81B0E}.Release|Any CPU.Build.0 = Release|Any CPU
		{043F4D61-73E7-BEFD-3925-4CADB983E401}.Debug|Any CPU.ActiveCfg = Debug|Any CPU
		{043F4D61-73E7-BEFD-3925-4CADB983E401}.Debug|Any CPU.Build.0 = Debug|Any CPU
		{043F4D61-73E7-BEFD-3925-4CADB983E401}.Release|Any CPU.ActiveCfg = Release|Any CPU
		{043F4D61-73E7-BEFD-3925-4CADB983E401}.Release|Any CPU.Build.0 = Release|Any CPU
		{6ECE8D9A-A576-502F-1D62-F2B0FB352B6E}.Debug|Any CPU.ActiveCfg = Debug|Any CPU
		{6ECE8D9A-A576-502F-1D62-F2B0FB352B6E}.Debug|Any CPU.Build.0 = Debug|Any CPU
		{6ECE8D9A-A576-502F-1D62-F2B0FB352B6E}.Release|Any CPU.ActiveCfg = Release|Any CPU
		{6ECE8D9A-A576-502F-1D62-F2B0FB352B6E}.Release|Any CPU.Build.0 = Release|Any CPU
		{D8770F59-393E-1978-602C-20A0A3AED59C}.Debug|Any CPU.ActiveCfg = Debug|Any CPU
		{D8770F59-393E-1978-602C-20A0A3AED59C}.Debug|Any CPU.Build.0 = Debug|Any CPU
		{D8770F59-393E-1978-602C-20A0A3AED59C}.Release|Any CPU.ActiveCfg = Release|Any CPU
		{D8770F59-393E-1978-602C-20A0A3AED59C}.Release|Any CPU.Build.0 = Release|Any CPU
		{80C80914-4956-4086-AACC-37DA693B08E6}.Debug|Any CPU.ActiveCfg = Debug|Any CPU
		{80C80914-4956-4086-AACC-37DA693B08E6}.Debug|Any CPU.Build.0 = Debug|Any CPU
		{80C80914-4956-4086-AACC-37DA693B08E6}.Release|Any CPU.ActiveCfg = Release|Any CPU
		{80C80914-4956-4086-AACC-37DA693B08E6}.Release|Any CPU.Build.0 = Release|Any CPU
	EndGlobalSection
	GlobalSection(SolutionProperties) = preSolution
		HideSolutionNode = FALSE
	EndGlobalSection
	GlobalSection(NestedProjects) = preSolution
		{4C61ED50-7509-4478-8D85-2C8DD85CC7EA} = {D3DA2FF9-1C79-4B3D-A644-07C1763AB70B}
		{065FB95B-32B4-4FEE-8A67-84F09A8756DF} = {D3DA2FF9-1C79-4B3D-A644-07C1763AB70B}
		{CBFA08EA-AECE-205F-7B85-326FD0B81BAD} = {02EA681E-C7D8-13C7-8484-4AC65E1B71E8}
		{F80C4E72-27A0-12B5-0634-DD5C11CFB0C1} = {E7767B9E-FBEE-4EBA-8E7A-F1A4FBF1F012}
		{B6A74149-AD0D-9740-6468-6F7C84115249} = {E7767B9E-FBEE-4EBA-8E7A-F1A4FBF1F012}
		{E528BBC3-1C26-8C35-F682-23718816ADCD} = {C4FEAF57-884E-4981-A85C-DD58394405B1}
		{4B92F048-72EB-C07F-517C-4616C9E81B0E} = {C4FEAF57-884E-4981-A85C-DD58394405B1}
		{043F4D61-73E7-BEFD-3925-4CADB983E401} = {C4FEAF57-884E-4981-A85C-DD58394405B1}
		{6ECE8D9A-A576-502F-1D62-F2B0FB352B6E} = {C4FEAF57-884E-4981-A85C-DD58394405B1}
		{D8770F59-393E-1978-602C-20A0A3AED59C} = {4C61ED50-7509-4478-8D85-2C8DD85CC7EA}
		{80C80914-4956-4086-AACC-37DA693B08E6} = {4039BFA7-0182-4624-A436-1224DBF16FA9}
	EndGlobalSection
	GlobalSection(ExtensibilityGlobals) = postSolution
		SolutionGuid = {2B32318D-2B1B-47DA-82F5-BA00B4D678B2}
	EndGlobalSection
EndGlobal
